github.com/goccy/go-json v0.7.8 h1:CvMH7LotYymYuLGEohBM1lTZWX4g6jzWUUl2aLFuBoE=
github.com/goccy/go-json v0.7.8/go.mod h1:6MelG93GURQebXPDq3khkgXZkazVtN9CRI+MGFi0w8I=
github.com/valyala/fastjson v1.6.3 h1:tAKFnnwmeMGPbwJ7IwxcTPCNr3uIzoIj3/Fh90ra4xc=
github.com/valyala/fastjson v1.6.3/go.mod h1:CLCAqky6SMuOcxStkYQvblddUtoRxhYMGLrsQns1aXY=
